
Microsoft Visual Studio Solution File, Format Version 12.00
# Visual Studio Version 17
VisualStudioVersion = 17.7.34031.279
MinimumVisualStudioVersion = 10.0.40219.1
Project("{2150E333-8FDC-42A3-9474-1A3956D46DE8}") = "Solution Items", "Solution Items", "{4F246D67-45D0-4770-8AA3-757BAE03FA5D}"
	ProjectSection(SolutionItems) = preProject
		Directory.Build.props.back = Directory.Build.props.back
		Directory.Packages.props = Directory.Packages.props
		docker-compose.yml = docker-compose.yml
		env.txt = env.txt
		nuget.config.back = nuget.config.back
	EndProjectSection
EndProject
Project("{9A19103F-16F7-4668-BE54-9A1E7A4F7556}") = "IziProjectsManager", "IziProjectsManager\IziProjectsManager.csproj", "{6E20ED6F-19FC-40EB-95C1-561028600A1B}"
EndProject
Project("{9A19103F-16F7-4668-BE54-9A1E7A4F7556}") = "izhg.naming", "Naming\izhg.naming.csproj", "{6FB53988-9FAC-40A0-873D-D795C3471ADB}"
EndProject
Project("{9A19103F-16F7-4668-BE54-9A1E7A4F7556}") = "izhg.FileSystem.netstd21", "%IZHG_LIB_CONTROL_DIR_FOR_REFS%\izhg.io.netstd21\izhg.FileSystem.netstd21.csproj", "{414B79C8-AE49-4DD4-96EA-B92333EEA08A}"
EndProject
Project("{9A19103F-16F7-4668-BE54-9A1E7A4F7556}") = "IziProjectsManagerWebGui", "IziProjectsManagerWebGui\IziProjectsManagerWebGui.csproj", "{909DE795-3ACB-4017-8D93-5B5B85C529F6}"
EndProject
Project("{9A19103F-16F7-4668-BE54-9A1E7A4F7556}") = "izhg.linq.netstd21", "%IZHG_LIB_CONTROL_DIR_FOR_REFS%\izhg.linq.netstd21\izhg.linq.netstd21.csproj", "{C71F2379-D0B7-44B3-85C6-3C842A295D47}"
EndProject
Project("{9A19103F-16F7-4668-BE54-9A1E7A4F7556}") = "izhg.FileSystem.NetCore", "%IZHG_LIB_CONTROL_DIR_FOR_REFS%\izhg.FileSystem.NetCore\izhg.FileSystem.NetCore.csproj", "{8681A80E-24CD-479E-B3FF-FBAAEFB77B23}"
EndProject
Project("{9A19103F-16F7-4668-BE54-9A1E7A4F7556}") = "IziLibrary.Commands.AtFileSystem", "%IZHG_LIB_CONTROL_DIR_FOR_REFS%\IziLibrary.Commands.FileSystem\IziLibrary.Commands.AtFileSystem.csproj", "{958D3644-6C45-4EDE-8DAF-3275EDEC8E47}"
EndProject
Project("{9A19103F-16F7-4668-BE54-9A1E7A4F7556}") = "ConsoleArguments", "ConsoleArguments\ConsoleArguments.csproj", "{F9C6F0C3-AC57-4D25-A4B6-7BB06C2174BB}"
EndProject
Project("{9A19103F-16F7-4668-BE54-9A1E7A4F7556}") = "Template.ClassLibrary.NetStd21", "%IZHG_LIB_CONTROL_DIR_FOR_REFS%\Template.ClassLibrary.NetStd21\Template.ClassLibrary.NetStd21.csproj", "{2990408A-DB16-432B-AA7A-E675CF395219}"
EndProject
Project("{2150E333-8FDC-42A3-9474-1A3956D46DE8}") = "src", "src", "{7AC996F0-F3C2-4B0F-B78B-96ADD6E97AE3}"
EndProject
Project("{2150E333-8FDC-42A3-9474-1A3956D46DE8}") = "libs", "libs", "{80801DDA-E138-41F4-BBE2-00DB5870F29A}"
EndProject
Project("{2150E333-8FDC-42A3-9474-1A3956D46DE8}") = "test", "test", "{FE0CD154-D4D9-4D66-AB2E-3A087CA7E736}"
EndProject
Project("{9A19103F-16F7-4668-BE54-9A1E7A4F7556}") = "IziLibraryApiGate", "src\IziLibraryApiGate\IziLibraryApiGate.csproj", "{99432EFB-94F5-4240-85B9-D3E05DFAE8DE}"
EndProject
Project("{9A19103F-16F7-4668-BE54-9A1E7A4F7556}") = "IziLibrary.Database", "libs\IziLibrary.Database\IziLibrary.Database.csproj", "{E406BE49-EE45-4092-80D5-3B8862E05246}"
EndProject
Project("{9A19103F-16F7-4668-BE54-9A1E7A4F7556}") = "IziLibrary.Metas.Linked", "libs\IziLibrary.Infos\IziLibrary.Metas.Linked.csproj", "{5AAE4E05-F910-499F-BA0D-C3224F2DF7DA}"
EndProject
Project("{9A19103F-16F7-4668-BE54-9A1E7A4F7556}") = "izhg.lib-control.contracts", "%IZHG_ROOT%\com.izihardgames.lib-control.contracts\Runtime\izhg.lib-control.contracts.csproj", "{B061E062-DAB4-467B-B4BF-8D58CAADFECB}"
EndProject
Project("{9A19103F-16F7-4668-BE54-9A1E7A4F7556}") = "IziLibrary.Commands.AtDatabase", "IziLibrary.Commands.Database\IziLibrary.Commands.AtDatabase.csproj", "{8A27AB6F-4159-4469-8DD0-CCFD057DD358}"
EndProject
Project("{9A19103F-16F7-4668-BE54-9A1E7A4F7556}") = "IziLibrary.Metas.Factory", "IziLibrary.MetaFactory\IziLibrary.Metas.Factory.csproj", "{7A631478-90CD-41F4-982A-F0A0F8063F41}"
EndProject
Project("{9A19103F-16F7-4668-BE54-9A1E7A4F7556}") = "IziLibrary.Metas.Asmdef", "IziLibrary.Metas.Asmdef\IziLibrary.Metas.Asmdef.csproj", "{2DCE6DA7-2620-4721-BA3C-426BD7ECF9DB}"
EndProject
Project("{2150E333-8FDC-42A3-9474-1A3956D46DE8}") = "refs", "refs", "{708D2557-1640-4BF8-A279-EB4F5F5C2CE8}"
EndProject
Project("{2150E333-8FDC-42A3-9474-1A3956D46DE8}") = "bats", "bats", "{012CD4A2-D932-4E08-8DED-4F2A56AD9A6B}"
EndProject
Project("{2150E333-8FDC-42A3-9474-1A3956D46DE8}") = "applications", "applications", "{BFDC67A1-7FDE-4FD9-BAE3-1FB302794C16}"
EndProject
Project("{2150E333-8FDC-42A3-9474-1A3956D46DE8}") = "domains", "domains", "{E82AAB01-93D2-45AF-AEE4-A14F22D964A7}"
EndProject
Project("{FAE04EC0-301F-11D3-BF4B-00C04F79EFBC}") = "IziCsproj.Application", "src\applications\IziCsproj\IziCsproj.Application.csproj", "{58072E02-67CF-45EF-9787-773E4809B539}"
EndProject
Project("{2150E333-8FDC-42A3-9474-1A3956D46DE8}") = "contracts", "contracts", "{31E89F88-E26A-4CAA-81C5-E8804BD9E728}"
EndProject
Project("{FAE04EC0-301F-11D3-BF4B-00C04F79EFBC}") = "IziCsproj.Contracts", "src\contracts\IziCsproj.Contracts\IziCsproj.Contracts.csproj", "{E2D2269C-388E-496E-AA57-C970EFE710E5}"
EndProject
Project("{FAE04EC0-301F-11D3-BF4B-00C04F79EFBC}") = "IziCsproj.Domain", "src\domains\IziCsproj.Domain\IziCsproj.Domain.csproj", "{BDA22602-828E-4FD2-A9F6-AC18E40FD17A}"
EndProject
Project("{FAE04EC0-301F-11D3-BF4B-00C04F79EFBC}") = "IziProjectsManager.Common", "src\contracts\IziProjectsManager.Common\IziProjectsManager.Common.csproj", "{6DC51A6E-F525-4AC6-96CB-A989C840C0EA}"
EndProject
Project("{FAE04EC0-301F-11D3-BF4B-00C04F79EFBC}") = "Csproj.UnitTests", "tests\Csproj.UnitTests\Csproj.UnitTests.csproj", "{E5B07B6D-49BA-4F8F-9E04-D43265C896F1}"
EndProject
Project("{FAE04EC0-301F-11D3-BF4B-00C04F79EFBC}") = "IziEnvironments", "refs\IziEnvironments\IziEnvironments.csproj", "{B33D9F1C-3DD5-4419-84A6-58CF9F407D5A}"
EndProject
Global
	GlobalSection(SolutionConfigurationPlatforms) = preSolution
		Debug|Any CPU = Debug|Any CPU
		Release|Any CPU = Release|Any CPU
	EndGlobalSection
	GlobalSection(ProjectConfigurationPlatforms) = postSolution
		{6E20ED6F-19FC-40EB-95C1-561028600A1B}.Debug|Any CPU.ActiveCfg = Debug|Any CPU
		{6E20ED6F-19FC-40EB-95C1-561028600A1B}.Debug|Any CPU.Build.0 = Debug|Any CPU
		{6E20ED6F-19FC-40EB-95C1-561028600A1B}.Release|Any CPU.ActiveCfg = Release|Any CPU
		{6E20ED6F-19FC-40EB-95C1-561028600A1B}.Release|Any CPU.Build.0 = Release|Any CPU
		{6FB53988-9FAC-40A0-873D-D795C3471ADB}.Debug|Any CPU.ActiveCfg = Debug|Any CPU
		{6FB53988-9FAC-40A0-873D-D795C3471ADB}.Debug|Any CPU.Build.0 = Debug|Any CPU
		{6FB53988-9FAC-40A0-873D-D795C3471ADB}.Release|Any CPU.ActiveCfg = Release|Any CPU
		{6FB53988-9FAC-40A0-873D-D795C3471ADB}.Release|Any CPU.Build.0 = Release|Any CPU
		{414B79C8-AE49-4DD4-96EA-B92333EEA08A}.Debug|Any CPU.ActiveCfg = Debug|Any CPU
		{414B79C8-AE49-4DD4-96EA-B92333EEA08A}.Debug|Any CPU.Build.0 = Debug|Any CPU
		{414B79C8-AE49-4DD4-96EA-B92333EEA08A}.Release|Any CPU.ActiveCfg = Release|Any CPU
		{414B79C8-AE49-4DD4-96EA-B92333EEA08A}.Release|Any CPU.Build.0 = Release|Any CPU
		{909DE795-3ACB-4017-8D93-5B5B85C529F6}.Debug|Any CPU.ActiveCfg = Debug|Any CPU
		{909DE795-3ACB-4017-8D93-5B5B85C529F6}.Debug|Any CPU.Build.0 = Debug|Any CPU
		{909DE795-3ACB-4017-8D93-5B5B85C529F6}.Release|Any CPU.ActiveCfg = Release|Any CPU
		{909DE795-3ACB-4017-8D93-5B5B85C529F6}.Release|Any CPU.Build.0 = Release|Any CPU
		{C71F2379-D0B7-44B3-85C6-3C842A295D47}.Debug|Any CPU.ActiveCfg = Debug|Any CPU
		{C71F2379-D0B7-44B3-85C6-3C842A295D47}.Debug|Any CPU.Build.0 = Debug|Any CPU
		{C71F2379-D0B7-44B3-85C6-3C842A295D47}.Release|Any CPU.ActiveCfg = Release|Any CPU
		{C71F2379-D0B7-44B3-85C6-3C842A295D47}.Release|Any CPU.Build.0 = Release|Any CPU
		{8681A80E-24CD-479E-B3FF-FBAAEFB77B23}.Debug|Any CPU.ActiveCfg = Debug|Any CPU
		{8681A80E-24CD-479E-B3FF-FBAAEFB77B23}.Debug|Any CPU.Build.0 = Debug|Any CPU
		{8681A80E-24CD-479E-B3FF-FBAAEFB77B23}.Release|Any CPU.ActiveCfg = Release|Any CPU
		{8681A80E-24CD-479E-B3FF-FBAAEFB77B23}.Release|Any CPU.Build.0 = Release|Any CPU
		{958D3644-6C45-4EDE-8DAF-3275EDEC8E47}.Debug|Any CPU.ActiveCfg = Debug|Any CPU
		{958D3644-6C45-4EDE-8DAF-3275EDEC8E47}.Debug|Any CPU.Build.0 = Debug|Any CPU
		{958D3644-6C45-4EDE-8DAF-3275EDEC8E47}.Release|Any CPU.ActiveCfg = Release|Any CPU
		{958D3644-6C45-4EDE-8DAF-3275EDEC8E47}.Release|Any CPU.Build.0 = Release|Any CPU
		{F9C6F0C3-AC57-4D25-A4B6-7BB06C2174BB}.Debug|Any CPU.ActiveCfg = Debug|Any CPU
		{F9C6F0C3-AC57-4D25-A4B6-7BB06C2174BB}.Debug|Any CPU.Build.0 = Debug|Any CPU
		{F9C6F0C3-AC57-4D25-A4B6-7BB06C2174BB}.Release|Any CPU.ActiveCfg = Release|Any CPU
		{F9C6F0C3-AC57-4D25-A4B6-7BB06C2174BB}.Release|Any CPU.Build.0 = Release|Any CPU
		{2990408A-DB16-432B-AA7A-E675CF395219}.Debug|Any CPU.ActiveCfg = Debug|Any CPU
		{2990408A-DB16-432B-AA7A-E675CF395219}.Debug|Any CPU.Build.0 = Debug|Any CPU
		{2990408A-DB16-432B-AA7A-E675CF395219}.Release|Any CPU.ActiveCfg = Release|Any CPU
		{2990408A-DB16-432B-AA7A-E675CF395219}.Release|Any CPU.Build.0 = Release|Any CPU
		{99432EFB-94F5-4240-85B9-D3E05DFAE8DE}.Debug|Any CPU.ActiveCfg = Debug|Any CPU
		{99432EFB-94F5-4240-85B9-D3E05DFAE8DE}.Debug|Any CPU.Build.0 = Debug|Any CPU
		{99432EFB-94F5-4240-85B9-D3E05DFAE8DE}.Release|Any CPU.ActiveCfg = Release|Any CPU
		{99432EFB-94F5-4240-85B9-D3E05DFAE8DE}.Release|Any CPU.Build.0 = Release|Any CPU
		{E406BE49-EE45-4092-80D5-3B8862E05246}.Debug|Any CPU.ActiveCfg = Debug|Any CPU
		{E406BE49-EE45-4092-80D5-3B8862E05246}.Debug|Any CPU.Build.0 = Debug|Any CPU
		{E406BE49-EE45-4092-80D5-3B8862E05246}.Release|Any CPU.ActiveCfg = Release|Any CPU
		{E406BE49-EE45-4092-80D5-3B8862E05246}.Release|Any CPU.Build.0 = Release|Any CPU
		{5AAE4E05-F910-499F-BA0D-C3224F2DF7DA}.Debug|Any CPU.ActiveCfg = Debug|Any CPU
		{5AAE4E05-F910-499F-BA0D-C3224F2DF7DA}.Debug|Any CPU.Build.0 = Debug|Any CPU
		{5AAE4E05-F910-499F-BA0D-C3224F2DF7DA}.Release|Any CPU.ActiveCfg = Release|Any CPU
		{5AAE4E05-F910-499F-BA0D-C3224F2DF7DA}.Release|Any CPU.Build.0 = Release|Any CPU
		{B061E062-DAB4-467B-B4BF-8D58CAADFECB}.Debug|Any CPU.ActiveCfg = Debug|Any CPU
		{B061E062-DAB4-467B-B4BF-8D58CAADFECB}.Debug|Any CPU.Build.0 = Debug|Any CPU
		{B061E062-DAB4-467B-B4BF-8D58CAADFECB}.Release|Any CPU.ActiveCfg = Release|Any CPU
		{B061E062-DAB4-467B-B4BF-8D58CAADFECB}.Release|Any CPU.Build.0 = Release|Any CPU
		{8A27AB6F-4159-4469-8DD0-CCFD057DD358}.Debug|Any CPU.ActiveCfg = Debug|Any CPU
		{8A27AB6F-4159-4469-8DD0-CCFD057DD358}.Debug|Any CPU.Build.0 = Debug|Any CPU
		{8A27AB6F-4159-4469-8DD0-CCFD057DD358}.Release|Any CPU.ActiveCfg = Release|Any CPU
		{8A27AB6F-4159-4469-8DD0-CCFD057DD358}.Release|Any CPU.Build.0 = Release|Any CPU
		{7A631478-90CD-41F4-982A-F0A0F8063F41}.Debug|Any CPU.ActiveCfg = Debug|Any CPU
		{7A631478-90CD-41F4-982A-F0A0F8063F41}.Debug|Any CPU.Build.0 = Debug|Any CPU
		{7A631478-90CD-41F4-982A-F0A0F8063F41}.Release|Any CPU.ActiveCfg = Release|Any CPU
		{7A631478-90CD-41F4-982A-F0A0F8063F41}.Release|Any CPU.Build.0 = Release|Any CPU
		{2DCE6DA7-2620-4721-BA3C-426BD7ECF9DB}.Debug|Any CPU.ActiveCfg = Debug|Any CPU
		{2DCE6DA7-2620-4721-BA3C-426BD7ECF9DB}.Debug|Any CPU.Build.0 = Debug|Any CPU
		{2DCE6DA7-2620-4721-BA3C-426BD7ECF9DB}.Release|Any CPU.ActiveCfg = Release|Any CPU
		{2DCE6DA7-2620-4721-BA3C-426BD7ECF9DB}.Release|Any CPU.Build.0 = Release|Any CPU
		{58072E02-67CF-45EF-9787-773E4809B539}.Debug|Any CPU.ActiveCfg = Debug|Any CPU
		{58072E02-67CF-45EF-9787-773E4809B539}.Debug|Any CPU.Build.0 = Debug|Any CPU
		{58072E02-67CF-45EF-9787-773E4809B539}.Release|Any CPU.ActiveCfg = Release|Any CPU
		{58072E02-67CF-45EF-9787-773E4809B539}.Release|Any CPU.Build.0 = Release|Any CPU
		{E2D2269C-388E-496E-AA57-C970EFE710E5}.Debug|Any CPU.ActiveCfg = Debug|Any CPU
		{E2D2269C-388E-496E-AA57-C970EFE710E5}.Debug|Any CPU.Build.0 = Debug|Any CPU
		{E2D2269C-388E-496E-AA57-C970EFE710E5}.Release|Any CPU.ActiveCfg = Release|Any CPU
		{E2D2269C-388E-496E-AA57-C970EFE710E5}.Release|Any CPU.Build.0 = Release|Any CPU
		{BDA22602-828E-4FD2-A9F6-AC18E40FD17A}.Debug|Any CPU.ActiveCfg = Debug|Any CPU
		{BDA22602-828E-4FD2-A9F6-AC18E40FD17A}.Debug|Any CPU.Build.0 = Debug|Any CPU
		{BDA22602-828E-4FD2-A9F6-AC18E40FD17A}.Release|Any CPU.ActiveCfg = Release|Any CPU
		{BDA22602-828E-4FD2-A9F6-AC18E40FD17A}.Release|Any CPU.Build.0 = Release|Any CPU
		{6DC51A6E-F525-4AC6-96CB-A989C840C0EA}.Debug|Any CPU.ActiveCfg = Debug|Any CPU
		{6DC51A6E-F525-4AC6-96CB-A989C840C0EA}.Debug|Any CPU.Build.0 = Debug|Any CPU
		{6DC51A6E-F525-4AC6-96CB-A989C840C0EA}.Release|Any CPU.ActiveCfg = Release|Any CPU
		{6DC51A6E-F525-4AC6-96CB-A989C840C0EA}.Release|Any CPU.Build.0 = Release|Any CPU
		{E5B07B6D-49BA-4F8F-9E04-D43265C896F1}.Debug|Any CPU.ActiveCfg = Debug|Any CPU
		{E5B07B6D-49BA-4F8F-9E04-D43265C896F1}.Debug|Any CPU.Build.0 = Debug|Any CPU
		{E5B07B6D-49BA-4F8F-9E04-D43265C896F1}.Release|Any CPU.ActiveCfg = Release|Any CPU
		{E5B07B6D-49BA-4F8F-9E04-D43265C896F1}.Release|Any CPU.Build.0 = Release|Any CPU
		{B33D9F1C-3DD5-4419-84A6-58CF9F407D5A}.Debug|Any CPU.ActiveCfg = Debug|Any CPU
		{B33D9F1C-3DD5-4419-84A6-58CF9F407D5A}.Debug|Any CPU.Build.0 = Debug|Any CPU
		{B33D9F1C-3DD5-4419-84A6-58CF9F407D5A}.Release|Any CPU.ActiveCfg = Release|Any CPU
		{B33D9F1C-3DD5-4419-84A6-58CF9F407D5A}.Release|Any CPU.Build.0 = Release|Any CPU
	EndGlobalSection
	GlobalSection(SolutionProperties) = preSolution
		HideSolutionNode = FALSE
	EndGlobalSection
	GlobalSection(NestedProjects) = preSolution
		{6E20ED6F-19FC-40EB-95C1-561028600A1B} = {7AC996F0-F3C2-4B0F-B78B-96ADD6E97AE3}
		{6FB53988-9FAC-40A0-873D-D795C3471ADB} = {708D2557-1640-4BF8-A279-EB4F5F5C2CE8}
		{414B79C8-AE49-4DD4-96EA-B92333EEA08A} = {708D2557-1640-4BF8-A279-EB4F5F5C2CE8}
		{909DE795-3ACB-4017-8D93-5B5B85C529F6} = {7AC996F0-F3C2-4B0F-B78B-96ADD6E97AE3}
		{C71F2379-D0B7-44B3-85C6-3C842A295D47} = {708D2557-1640-4BF8-A279-EB4F5F5C2CE8}
		{8681A80E-24CD-479E-B3FF-FBAAEFB77B23} = {708D2557-1640-4BF8-A279-EB4F5F5C2CE8}
		{958D3644-6C45-4EDE-8DAF-3275EDEC8E47} = {708D2557-1640-4BF8-A279-EB4F5F5C2CE8}
		{F9C6F0C3-AC57-4D25-A4B6-7BB06C2174BB} = {80801DDA-E138-41F4-BBE2-00DB5870F29A}
		{2990408A-DB16-432B-AA7A-E675CF395219} = {708D2557-1640-4BF8-A279-EB4F5F5C2CE8}
		{99432EFB-94F5-4240-85B9-D3E05DFAE8DE} = {7AC996F0-F3C2-4B0F-B78B-96ADD6E97AE3}
		{E406BE49-EE45-4092-80D5-3B8862E05246} = {7AC996F0-F3C2-4B0F-B78B-96ADD6E97AE3}
		{5AAE4E05-F910-499F-BA0D-C3224F2DF7DA} = {7AC996F0-F3C2-4B0F-B78B-96ADD6E97AE3}
		{B061E062-DAB4-467B-B4BF-8D58CAADFECB} = {7AC996F0-F3C2-4B0F-B78B-96ADD6E97AE3}
		{8A27AB6F-4159-4469-8DD0-CCFD057DD358} = {7AC996F0-F3C2-4B0F-B78B-96ADD6E97AE3}
		{7A631478-90CD-41F4-982A-F0A0F8063F41} = {7AC996F0-F3C2-4B0F-B78B-96ADD6E97AE3}
		{2DCE6DA7-2620-4721-BA3C-426BD7ECF9DB} = {7AC996F0-F3C2-4B0F-B78B-96ADD6E97AE3}
		{BFDC67A1-7FDE-4FD9-BAE3-1FB302794C16} = {7AC996F0-F3C2-4B0F-B78B-96ADD6E97AE3}
		{E82AAB01-93D2-45AF-AEE4-A14F22D964A7} = {7AC996F0-F3C2-4B0F-B78B-96ADD6E97AE3}
		{58072E02-67CF-45EF-9787-773E4809B539} = {BFDC67A1-7FDE-4FD9-BAE3-1FB302794C16}
		{31E89F88-E26A-4CAA-81C5-E8804BD9E728} = {7AC996F0-F3C2-4B0F-B78B-96ADD6E97AE3}
		{E2D2269C-388E-496E-AA57-C970EFE710E5} = {31E89F88-E26A-4CAA-81C5-E8804BD9E728}
		{BDA22602-828E-4FD2-A9F6-AC18E40FD17A} = {E82AAB01-93D2-45AF-AEE4-A14F22D964A7}
		{6DC51A6E-F525-4AC6-96CB-A989C840C0EA} = {31E89F88-E26A-4CAA-81C5-E8804BD9E728}
		{E5B07B6D-49BA-4F8F-9E04-D43265C896F1} = {FE0CD154-D4D9-4D66-AB2E-3A087CA7E736}
		{B33D9F1C-3DD5-4419-84A6-58CF9F407D5A} = {708D2557-1640-4BF8-A279-EB4F5F5C2CE8}
	EndGlobalSection
	GlobalSection(ExtensibilityGlobals) = postSolution
		SolutionGuid = {F86D174B-190A-4572-AC93-551DB1CFA836}
	EndGlobalSection
EndGlobal
